<?xml version="1.0" encoding="utf-8"?>
<Project ToolsVersion="4.0" xmlns="http://schemas.microsoft.com/developer/msbuild/2003">
  <ItemGroup>
    <Filter Include="Source Files">
      <UniqueIdentifier>{4FC737F1-C7A5-4376-A066-2A32D752A2FF}</UniqueIdentifier>
      <Extensions>cpp;c;cc;cxx;def;odl;idl;hpj;bat;asm;asmx</Extensions>
    </Filter>
    <Filter Include="Header Files">
      <UniqueIdentifier>{93995380-89BD-4b04-88EB-625FBE52EBFB}</UniqueIdentifier>
      <Extensions>h;hh;hpp;hxx;hm;inl;inc;xsd</Extensions>
    </Filter>
    <Filter Include="Resource Files">
      <UniqueIdentifier>{67DA6AB6-F800-4c08-8B7A-83BB121AAD01}</UniqueIdentifier>
      <Extensions>rc;ico;cur;bmp;dlg;rc2;rct;bin;rgs;gif;jpg;jpeg;jpe;resx;tiff;tif;png;wav</Extensions>
    </Filter>
  </ItemGroup>
  <ItemGroup>
    <ClCompile Include="Dispatcher.cpp">
      <Filter>Source Files</Filter>
    </ClCompile>
    <ClCompile Include="Mode.cpp">
      <Filter>Source Files</Filter>
    </ClCompile>
    <ClCompile Include="precomp.cpp">
      <Filter>Source Files</Filter>
    </ClCompile>
    <ClCompile Include="profanity.cpp">
      <Filter>Source Files</Filter>
    </ClCompile>
    <ClCompile Include="SpeedSample.cpp">
      <Filter>Source Files</Filter>
    </ClCompile>
  </ItemGroup>
  <ItemGroup>
    <ClInclude Include="picosha2.h">
      <Filter>Header Files</Filter>
    </ClInclude>
    <ClInclude Include="ArgParser.hpp">
      <Filter>Header Files</Filter>
    </ClInclude>
    <ClInclude Include="CLMemory.hpp">
      <Filter>Header Files</Filter>
    </ClInclude>
    <ClInclude Include="Dispatcher.hpp">
      <Filter>Header Files</Filter>
    </ClInclude>
    <ClInclude Include="help.hpp">
      <Filter>Header Files</Filter>
    </ClInclude>
    <ClInclude Include="kernel_keccak.hpp">
      <Filter>Header Files</Filter>
    </ClInclude>
    <ClInclude Include="kernel_profanity.hpp">
      <Filter>Header Files</Filter>
    </ClInclude>
    <ClInclude Include="kernel_sha256.hpp">
      <Filter>Header Files</Filter>
    </ClInclude>
    <ClInclude Include="lexical_cast.hpp">
      <Filter>Header Files</Filter>
    </ClInclude>
    <ClInclude Include="Mode.hpp">
      <Filter>Header Files</Filter>
    </ClInclude>
    <ClInclude Include="precomp.hpp">
      <Filter>Header Files</Filter>
    </ClInclude>
    <ClInclude Include="SpeedSample.hpp">
      <Filter>Header Files</Filter>
    </ClInclude>
    <ClInclude Include="types.hpp">
      <Filter>Header Files</Filter>
    </ClInclude>
    <ClInclude Include="opencl_x64-windows\include\cl\cl.h">
      <Filter>Header Files</Filter>
    </ClInclude>
    <ClInclude Include="opencl_x64-windows\include\cl\cl_d3d10.h">
      <Filter>Header Files</Filter>
    </ClInclude>
    <ClInclude Include="opencl_x64-windows\include\cl\cl_d3d11.h">
      <Filter>Header Files</Filter>
    </ClInclude>
    <ClInclude Include="opencl_x64-windows\include\cl\cl_dx9_media_sharing.h">
      <Filter>Header Files</Filter>
    </ClInclude>
    <ClInclude Include="opencl_x64-windows\include\cl\cl_dx9_media_sharing_intel.h">
      <Filter>Header Files</Filter>
    </ClInclude>
    <ClInclude Include="opencl_x64-windows\include\cl\cl_egl.h">
      <Filter>Header Files</Filter>
    </ClInclude>
    <ClInclude Include="opencl_x64-windows\include\cl\cl_ext.h">
      <Filter>Header Files</Filter>
    </ClInclude>
    <ClInclude Include="opencl_x64-windows\include\cl\cl_ext_intel.h">
      <Filter>Header Files</Filter>
    </ClInclude>
    <ClInclude Include="opencl_x64-windows\include\cl\cl_function_types.h">
      <Filter>Header Files</Filter>
    </ClInclude>
    <ClInclude Include="opencl_x64-windows\include\cl\cl_gl.h">
      <Filter>Header Files</Filter>
    </ClInclude>
    <ClInclude Include="opencl_x64-windows\include\cl\cl_gl_ext.h">
      <Filter>Header Files</Filter>
    </ClInclude>
    <ClInclude Include="opencl_x64-windows\include\cl\cl_half.h">
      <Filter>Header Files</Filter>
    </ClInclude>
    <ClInclude Include="opencl_x64-windows\include\cl\cl_icd.h">
      <Filter>Header Files</Filter>
    </ClInclude>
    <ClInclude Include="opencl_x64-windows\include\cl\cl_layer.h">
      <Filter>Header Files</Filter>
    </ClInclude>
    <ClInclude Include="opencl_x64-windows\include\cl\cl_platform.h">
      <Filter>Header Files</Filter>
    </ClInclude>
    <ClInclude Include="opencl_x64-windows\include\cl\cl_va_api_media_sharing_intel.h">
      <Filter>Header Files</Filter>
    </ClInclude>
    <ClInclude Include="opencl_x64-windows\include\cl\cl_version.h">
      <Filter>Header Files</Filter>
    </ClInclude>
    <ClInclude Include="opencl_x64-windows\include\cl\opencl.h">
      <Filter>Header Files</Filter>
    </ClInclude>
    <ClInclude Include="opencl_x64-windows\include\cl\cl2.hpp">
      <Filter>Header Files</Filter>
    </ClInclude>
    <ClInclude Include="opencl_x64-windows\include\cl\opencl.hpp">
      <Filter>Header Files</Filter>
    </ClInclude>
    <ClInclude Include="opencl_x64-windows\include\cl\utils\Context.h">
      <Filter>Header Files</Filter>
    </ClInclude>
    <ClInclude Include="opencl_x64-windows\include\cl\utils\Error.h">
      <Filter>Header Files</Filter>
    </ClInclude>
    <ClInclude Include="opencl_x64-windows\include\cl\utils\ErrorCodes.h">
      <Filter>Header Files</Filter>
    </ClInclude>
    <ClInclude Include="opencl_x64-windows\include\cl\utils\Event.h">
      <Filter>Header Files</Filter>
    </ClInclude>
    <ClInclude Include="opencl_x64-windows\include\cl\utils\File.h">
      <Filter>Header Files</Filter>
    </ClInclude>
    <ClInclude Include="opencl_x64-windows\include\cl\utils\OpenCLUtilsCpp_Export.h">
      <Filter>Header Files</Filter>
    </ClInclude>
    <ClInclude Include="opencl_x64-windows\include\cl\utils\OpenCLUtils_Export.h">
      <Filter>Header Files</Filter>
    </ClInclude>
    <ClInclude Include="opencl_x64-windows\include\cl\utils\Utils.h">
      <Filter>Header Files</Filter>
    </ClInclude>
    <ClInclude Include="opencl_x64-windows\include\cl\utils\Context.hpp">
      <Filter>Header Files</Filter>
    </ClInclude>
    <ClInclude Include="opencl_x64-windows\include\cl\utils\Detail.hpp">
      <Filter>Header Files</Filter>
    </ClInclude>
    <ClInclude Include="opencl_x64-windows\include\cl\utils\Device.hpp">
      <Filter>Header Files</Filter>
    </ClInclude>
    <ClInclude Include="opencl_x64-windows\include\cl\utils\Error.hpp">
      <Filter>Header Files</Filter>
    </ClInclude>
    <ClInclude Include="opencl_x64-windows\include\cl\utils\Event.hpp">
      <Filter>Header Files</Filter>
    </ClInclude>
    <ClInclude Include="opencl_x64-windows\include\cl\utils\File.hpp">
      <Filter>Header Files</Filter>
    </ClInclude>
    <ClInclude Include="opencl_x64-windows\include\cl\utils\InteropContext.hpp">
      <Filter>Header Files</Filter>
    </ClInclude>
    <ClInclude Include="opencl_x64-windows\include\cl\utils\Platform.hpp">
      <Filter>Header Files</Filter>
    </ClInclude>
    <ClInclude Include="opencl_x64-windows\include\cl\utils\Utils.hpp">
      <Filter>Header Files</Filter>
    </ClInclude>
  </ItemGroup>
</Project>